speakeasyVersion: 1.656.1
sources:
    Apideck:
        sourceNamespace: apideck
        sourceRevisionDigest: sha256:5b805be88f10e9e588d8f0bfc1c03b580e04c99737a2d1225d6831debea25544
        sourceBlobDigest: sha256:ee2e1d9025405c44d65a53f4a45b15ab30583b3e2b8d06d632ee868b690c532a
        tags:
            - latest
            - speakeasy-sdk-regen-1785173631
            - 10.28.2
targets:
    apideck:
        source: Apideck
        sourceNamespace: apideck
        sourceRevisionDigest: sha256:5b805be88f10e9e588d8f0bfc1c03b580e04c99737a2d1225d6831debea25544
        sourceBlobDigest: sha256:ee2e1d9025405c44d65a53f4a45b15ab30583b3e2b8d06d632ee868b690c532a
        codeSamplesNamespace: apideck-python-code-samples
        codeSamplesRevisionDigest: sha256:d19ec5339d727517c50b883ff76ddc74911b5955ce200b91240c6496aa2e3c47
workflow:
    workflowVersion: 1.0.0
    speakeasyVersion: latest
    sources:
        Apideck:
            inputs:
                - location: https://ci-spec-unify.s3.eu-central-1.amazonaws.com/speakeasy-spec.yml
            overlays:
                - location: ./.speakeasy/overlay-spec.yaml
            registry:
                location: registry.speakeasyapi.dev/apideck-k2o/apideck/apideck
    targets:
        apideck:
            target: python
            source: Apideck
            publish:
                pypi:
                    token: $pypi_token
            codeSamples:
                registry:
                    location: registry.speakeasyapi.dev/apideck-k2o/apideck/apideck-python-code-samples
                blocking: false
