speakeasyVersion: 1.540.0
sources:
    Apideck:
        sourceNamespace: apideck
        sourceRevisionDigest: sha256:f987e7cf494da045f1d1d2917e1b78124622b5b9b7a867db15484de1d9c08709
        sourceBlobDigest: sha256:75d7549723d92c5c72068e9dd804a242b4c31156bdf455fb66359e8f874c832b
        tags:
            - latest
            - speakeasy-sdk-regen-1745317282
            - 10.16.4
targets:
    apideck:
        source: Apideck
        sourceNamespace: apideck
        sourceRevisionDigest: sha256:f987e7cf494da045f1d1d2917e1b78124622b5b9b7a867db15484de1d9c08709
        sourceBlobDigest: sha256:75d7549723d92c5c72068e9dd804a242b4c31156bdf455fb66359e8f874c832b
        codeSamplesNamespace: apideck-python-code-samples
        codeSamplesRevisionDigest: sha256:437d4a6af14c5dab244ff4de0c89b559f9c76013f2096272d04da53c39a2b026
workflow:
    workflowVersion: 1.0.0
    speakeasyVersion: latest
    sources:
        Apideck:
            inputs:
                - location: https://ci-spec-unify.s3.eu-central-1.amazonaws.com/speakeasy-spec.yml
            overlays:
                - location: ./.speakeasy/overlay-spec.yaml
            registry:
                location: registry.speakeasyapi.dev/apideck-k2o/apideck/apideck
    targets:
        apideck:
            target: python
            source: Apideck
            publish:
                pypi:
                    token: $pypi_token
            codeSamples:
                registry:
                    location: registry.speakeasyapi.dev/apideck-k2o/apideck/apideck-python-code-samples
                blocking: false
