speakeasyVersion: 1.656.1
sources:
    Apideck:
        sourceNamespace: apideck
        sourceRevisionDigest: sha256:6c0cd76f493d4a23a2d2dc4db5edc2a012fb5a474e68fd5e5136e9eb0839417d
        sourceBlobDigest: sha256:d3c6c9af0eb0891376b2e6fe2fdbdd7358e2e8f1b63a0870655aac74149177bf
        tags:
            - latest
            - speakeasy-sdk-regen-1781503204
            - 10.24.43
targets:
    apideck:
        source: Apideck
        sourceNamespace: apideck
        sourceRevisionDigest: sha256:6c0cd76f493d4a23a2d2dc4db5edc2a012fb5a474e68fd5e5136e9eb0839417d
        sourceBlobDigest: sha256:d3c6c9af0eb0891376b2e6fe2fdbdd7358e2e8f1b63a0870655aac74149177bf
        codeSamplesNamespace: apideck-python-code-samples
        codeSamplesRevisionDigest: sha256:8b68884b618fd28daf8d8356e858908f16a5e4a468e05e46e2c20968c8f45b92
workflow:
    workflowVersion: 1.0.0
    speakeasyVersion: latest
    sources:
        Apideck:
            inputs:
                - location: https://ci-spec-unify.s3.eu-central-1.amazonaws.com/speakeasy-spec.yml
            overlays:
                - location: ./.speakeasy/overlay-spec.yaml
            registry:
                location: registry.speakeasyapi.dev/apideck-k2o/apideck/apideck
    targets:
        apideck:
            target: python
            source: Apideck
            publish:
                pypi:
                    token: $pypi_token
            codeSamples:
                registry:
                    location: registry.speakeasyapi.dev/apideck-k2o/apideck/apideck-python-code-samples
                blocking: false
